
Microsoft Visual Studio Solution File, Format Version 12.00
# Visual Studio Version 17
VisualStudioVersion = 17.5.33530.505
MinimumVisualStudioVersion = 10.0.40219.1
Project("{FAE04EC0-301F-11D3-BF4B-00C04F79EFBC}") = "E-commerceApp", "E-commerceApp\E-commerceApp.csproj", "{07105726-5607-46ED-A896-20105BDDEF24}"
EndProject
Global
	GlobalSection(SolutionConfigurationPlatforms) = preSolution
		Debug|Any CPU = Debug|Any CPU
		Release|Any CPU = Release|Any CPU
	EndGlobalSection
	GlobalSection(ProjectConfigurationPlatforms) = postSolution
		{07105726-5607-46ED-A896-20105BDDEF24}.Debug|Any CPU.ActiveCfg = Debug|Any CPU
		{07105726-5607-46ED-A896-20105BDDEF24}.Debug|Any CPU.Build.0 = Debug|Any CPU
		{07105726-5607-46ED-A896-20105BDDEF24}.Release|Any CPU.ActiveCfg = Release|Any CPU
		{07105726-5607-46ED-A896-20105BDDEF24}.Release|Any CPU.Build.0 = Release|Any CPU
	EndGlobalSection
	GlobalSection(SolutionProperties) = preSolution
		HideSolutionNode = FALSE
	EndGlobalSection
	GlobalSection(ExtensibilityGlobals) = postSolution
		SolutionGuid = {73C5559A-1DBE-407D-ABF9-3C8B30D44EB9}
	EndGlobalSection
EndGlobal
