
Microsoft Visual Studio Solution File, Format Version 12.00
# Visual Studio Version 17
VisualStudioVersion = 17.5.33530.505
MinimumVisualStudioVersion = 10.0.40219.1
Project("{9A19103F-16F7-4668-BE54-9A1E7A4F7556}") = "ECA.WebApi", "E-commerceApp\ECA.WebApi.csproj", "{07105726-5607-46ED-A896-20105BDDEF24}"
EndProject
Project("{9A19103F-16F7-4668-BE54-9A1E7A4F7556}") = "ECA.Core", "ECA.Core\ECA.Core.csproj", "{7B762560-8E76-472F-9803-D3864D7B8681}"
EndProject
Project("{9A19103F-16F7-4668-BE54-9A1E7A4F7556}") = "ECA.ViewModels", "ECA.ViewModels\ECA.ViewModels.csproj", "{84204598-B2A8-485F-BEB3-DAFA6FF56A14}"
EndProject
Project("{9A19103F-16F7-4668-BE54-9A1E7A4F7556}") = "ECA.Infrastructure", "ECA.Infrastructure\ECA.Infrastructure.csproj", "{5C9240D2-30D2-4CF5-B7B2-0858C2D884B2}"
EndProject
Global
	GlobalSection(SolutionConfigurationPlatforms) = preSolution
		Debug|Any CPU = Debug|Any CPU
		Release|Any CPU = Release|Any CPU
	EndGlobalSection
	GlobalSection(ProjectConfigurationPlatforms) = postSolution
		{07105726-5607-46ED-A896-20105BDDEF24}.Debug|Any CPU.ActiveCfg = Debug|Any CPU
		{07105726-5607-46ED-A896-20105BDDEF24}.Debug|Any CPU.Build.0 = Debug|Any CPU
		{07105726-5607-46ED-A896-20105BDDEF24}.Release|Any CPU.ActiveCfg = Release|Any CPU
		{07105726-5607-46ED-A896-20105BDDEF24}.Release|Any CPU.Build.0 = Release|Any CPU
		{7B762560-8E76-472F-9803-D3864D7B8681}.Debug|Any CPU.ActiveCfg = Debug|Any CPU
		{7B762560-8E76-472F-9803-D3864D7B8681}.Debug|Any CPU.Build.0 = Debug|Any CPU
		{7B762560-8E76-472F-9803-D3864D7B8681}.Release|Any CPU.ActiveCfg = Release|Any CPU
		{7B762560-8E76-472F-9803-D3864D7B8681}.Release|Any CPU.Build.0 = Release|Any CPU
		{84204598-B2A8-485F-BEB3-DAFA6FF56A14}.Debug|Any CPU.ActiveCfg = Debug|Any CPU
		{84204598-B2A8-485F-BEB3-DAFA6FF56A14}.Debug|Any CPU.Build.0 = Debug|Any CPU
		{84204598-B2A8-485F-BEB3-DAFA6FF56A14}.Release|Any CPU.ActiveCfg = Release|Any CPU
		{84204598-B2A8-485F-BEB3-DAFA6FF56A14}.Release|Any CPU.Build.0 = Release|Any CPU
		{5C9240D2-30D2-4CF5-B7B2-0858C2D884B2}.Debug|Any CPU.ActiveCfg = Debug|Any CPU
		{5C9240D2-30D2-4CF5-B7B2-0858C2D884B2}.Debug|Any CPU.Build.0 = Debug|Any CPU
		{5C9240D2-30D2-4CF5-B7B2-0858C2D884B2}.Release|Any CPU.ActiveCfg = Release|Any CPU
		{5C9240D2-30D2-4CF5-B7B2-0858C2D884B2}.Release|Any CPU.Build.0 = Release|Any CPU
	EndGlobalSection
	GlobalSection(SolutionProperties) = preSolution
		HideSolutionNode = FALSE
	EndGlobalSection
	GlobalSection(ExtensibilityGlobals) = postSolution
		SolutionGuid = {73C5559A-1DBE-407D-ABF9-3C8B30D44EB9}
	EndGlobalSection
EndGlobal
